
Microsoft Visual Studio Solution File, Format Version 12.00
# Visual Studio Version 17
VisualStudioVersion = 17.11.35222.181
MinimumVisualStudioVersion = 10.0.40219.1
Project("{FAE04EC0-301F-11D3-BF4B-00C04F79EFBC}") = "ATMApp", "ATMApp\ATMApp.csproj", "{B0FE0AA3-499B-4511-B08D-33F3386BA23F}"
EndProject
Global
	GlobalSection(SolutionConfigurationPlatforms) = preSolution
		Debug|Any CPU = Debug|Any CPU
		Release|Any CPU = Release|Any CPU
	EndGlobalSection
	GlobalSection(ProjectConfigurationPlatforms) = postSolution
		{B0FE0AA3-499B-4511-B08D-33F3386BA23F}.Debug|Any CPU.ActiveCfg = Debug|Any CPU
		{B0FE0AA3-499B-4511-B08D-33F3386BA23F}.Debug|Any CPU.Build.0 = Debug|Any CPU
		{B0FE0AA3-499B-4511-B08D-33F3386BA23F}.Release|Any CPU.ActiveCfg = Release|Any CPU
		{B0FE0AA3-499B-4511-B08D-33F3386BA23F}.Release|Any CPU.Build.0 = Release|Any CPU
	EndGlobalSection
	GlobalSection(SolutionProperties) = preSolution
		HideSolutionNode = FALSE
	EndGlobalSection
	GlobalSection(ExtensibilityGlobals) = postSolution
		SolutionGuid = {C5615AA6-54C0-4D75-821E-CA9818B0CD59}
	EndGlobalSection
EndGlobal
